// !$*UTF8*$!
{
	archiveVersion = 1;
	classes = {
	};
	objectVersion = 46;
	objects = {

/* Begin PBXBuildFile section */
		055091D21D43911F00C7352A /* background.png in Resources */ = {isa = PBXBuildFile; fileRef = 055091D11D43911F00C7352A /* background.png */; };
		055091D61D4394B400C7352A /* menu.cpp in Sources */ = {isa = PBXBuildFile; fileRef = 055091D41D4394B400C7352A /* menu.cpp */; };
		0556BA061D1C636400B7549B /* brick.png in Resources */ = {isa = PBXBuildFile; fileRef = 0556BA051D1C636400B7549B /* brick.png */; };
		0561686C1D44EB2F0082A802 /* brick.cpp in Sources */ = {isa = PBXBuildFile; fileRef = 0561686A1D44EB2F0082A802 /* brick.cpp */; };
		05B4DC691D44D4430084F0CD /* board.png in Resources */ = {isa = PBXBuildFile; fileRef = 05B4DC681D44D4430084F0CD /* board.png */; };
		05B4DC6C1D44D94C0084F0CD /* gameplay.cpp in Sources */ = {isa = PBXBuildFile; fileRef = 05B4DC6A1D44D94C0084F0CD /* gameplay.cpp */; };
		05E3A5081D18448E0099FF8F /* ResourcePath.mm in Sources */ = {isa = PBXBuildFile; fileRef = 05E3A5071D18448E0099FF8F /* ResourcePath.mm */; };
		05E3A50B1D18448E0099FF8F /* main.cpp in Sources */ = {isa = PBXBuildFile; fileRef = 05E3A50A1D18448E0099FF8F /* main.cpp */; };
		05E3A5121D18448F0099FF8F /* sansation.ttf in Resources */ = {isa = PBXBuildFile; fileRef = 05E3A5111D18448F0099FF8F /* sansation.ttf */; };
		05E3A5141D18448F0099FF8F /* icon.png in Resources */ = {isa = PBXBuildFile; fileRef = 05E3A5131D18448F0099FF8F /* icon.png */; };
		05E3A51D1D1845160099FF8F /* SF Atarian System.ttf in Resources */ = {isa = PBXBuildFile; fileRef = 05E3A51C1D1845160099FF8F /* SF Atarian System.ttf */; };
		05E3A51F1D1845360099FF8F /* SF Atarian System Bold.ttf in Resources */ = {isa = PBXBuildFile; fileRef = 05E3A51E1D1845360099FF8F /* SF Atarian System Bold.ttf */; };
		05E3A5231D1851B40099FF8F /* game.cpp in Sources */ = {isa = PBXBuildFile; fileRef = 05E3A5221D1851B40099FF8F /* game.cpp */; };
/* End PBXBuildFile section */

/* Begin PBXFileReference section */
		055091D11D43911F00C7352A /* background.png */ = {isa = PBXFileReference; lastKnownFileType = image.png; path = background.png; sourceTree = "<group>"; };
		055091D41D4394B400C7352A /* menu.cpp */ = {isa = PBXFileReference; fileEncoding = 4; lastKnownFileType = sourcecode.cpp.cpp; path = menu.cpp; sourceTree = "<group>"; };
		055091D51D4394B400C7352A /* menu.h */ = {isa = PBXFileReference; fileEncoding = 4; lastKnownFileType = sourcecode.c.h; path = menu.h; sourceTree = "<group>"; };
		0556BA051D1C636400B7549B /* brick.png */ = {isa = PBXFileReference; lastKnownFileType = image.png; path = brick.png; sourceTree = "<group>"; };
		0561686A1D44EB2F0082A802 /* brick.cpp */ = {isa = PBXFileReference; fileEncoding = 4; lastKnownFileType = sourcecode.cpp.cpp; path = brick.cpp; sourceTree = "<group>"; };
		0561686B1D44EB2F0082A802 /* brick.h */ = {isa = PBXFileReference; fileEncoding = 4; lastKnownFileType = sourcecode.c.h; path = brick.h; sourceTree = "<group>"; };
		058F75551F9E51AD00C9ABE8 /* constants.h */ = {isa = PBXFileReference; fileEncoding = 4; lastKnownFileType = sourcecode.c.h; path = constants.h; sourceTree = "<group>"; };
		05B4DC681D44D4430084F0CD /* board.png */ = {isa = PBXFileReference; lastKnownFileType = image.png; path = board.png; sourceTree = "<group>"; };
		05B4DC6A1D44D94C0084F0CD /* gameplay.cpp */ = {isa = PBXFileReference; fileEncoding = 4; lastKnownFileType = sourcecode.cpp.cpp; path = gameplay.cpp; sourceTree = "<group>"; };
		05B4DC6B1D44D94C0084F0CD /* gameplay.h */ = {isa = PBXFileReference; fileEncoding = 4; lastKnownFileType = sourcecode.c.h; path = gameplay.h; sourceTree = "<group>"; };
		05E3A5021D18448E0099FF8F /* Tetris.app */ = {isa = PBXFileReference; explicitFileType = wrapper.application; includeInIndex = 0; path = Tetris.app; sourceTree = BUILT_PRODUCTS_DIR; };
		05E3A5061D18448E0099FF8F /* Tetris-Info.plist */ = {isa = PBXFileReference; lastKnownFileType = text.plist.xml; path = "Tetris-Info.plist"; sourceTree = "<group>"; };
		05E3A5071D18448E0099FF8F /* ResourcePath.mm */ = {isa = PBXFileReference; lastKnownFileType = sourcecode.cpp.objcpp; path = ResourcePath.mm; sourceTree = "<group>"; };
		05E3A5091D18448E0099FF8F /* ResourcePath.hpp */ = {isa = PBXFileReference; lastKnownFileType = sourcecode.cpp.h; path = ResourcePath.hpp; sourceTree = "<group>"; };
		05E3A50A1D18448E0099FF8F /* main.cpp */ = {isa = PBXFileReference; lastKnownFileType = sourcecode.cpp.cpp; path = main.cpp; sourceTree = "<group>"; };
		05E3A5111D18448F0099FF8F /* sansation.ttf */ = {isa = PBXFileReference; lastKnownFileType = file; path = sansation.ttf; sourceTree = "<group>"; };
		05E3A5131D18448F0099FF8F /* icon.png */ = {isa = PBXFileReference; lastKnownFileType = image.png; path = icon.png; sourceTree = "<group>"; };
		05E3A51C1D1845160099FF8F /* SF Atarian System.ttf */ = {isa = PBXFileReference; lastKnownFileType = file; path = "SF Atarian System.ttf"; sourceTree = "<group>"; };
		05E3A51E1D1845360099FF8F /* SF Atarian System Bold.ttf */ = {isa = PBXFileReference; lastKnownFileType = file; path = "SF Atarian System Bold.ttf"; sourceTree = "<group>"; };
		05E3A5201D1846280099FF8F /* game.h */ = {isa = PBXFileReference; fileEncoding = 4; lastKnownFileType = sourcecode.c.h; path = game.h; sourceTree = "<group>"; };
		05E3A5221D1851B40099FF8F /* game.cpp */ = {isa = PBXFileReference; fileEncoding = 4; lastKnownFileType = sourcecode.cpp.cpp; path = game.cpp; sourceTree = "<group>"; };
/* End PBXFileReference section */

/* Begin PBXFrameworksBuildPhase section */
		05E3A4FE1D18448E0099FF8F /* Frameworks */ = {
			isa = PBXFrameworksBuildPhase;
			buildActionMask = 2147483647;
			files = (
			);
			runOnlyForDeploymentPostprocessing = 0;
		};
/* End PBXFrameworksBuildPhase section */

/* Begin PBXGroup section */
		05E3A4F81D18448E0099FF8F = {
			isa = PBXGroup;
			children = (
				05E3A5041D18448E0099FF8F /* Tetris */,
				05E3A5031D18448E0099FF8F /* Products */,
			);
			sourceTree = "<group>";
		};
		05E3A5031D18448E0099FF8F /* Products */ = {
			isa = PBXGroup;
			children = (
				05E3A5021D18448E0099FF8F /* Tetris.app */,
			);
			name = Products;
			sourceTree = "<group>";
		};
		05E3A5041D18448E0099FF8F /* Tetris */ = {
			isa = PBXGroup;
			children = (
				058F75551F9E51AD00C9ABE8 /* constants.h */,
				05E3A5201D1846280099FF8F /* game.h */,
				05E3A5221D1851B40099FF8F /* game.cpp */,
				05B4DC6B1D44D94C0084F0CD /* gameplay.h */,
				05B4DC6A1D44D94C0084F0CD /* gameplay.cpp */,
				0561686A1D44EB2F0082A802 /* brick.cpp */,
				0561686B1D44EB2F0082A802 /* brick.h */,
				055091D41D4394B400C7352A /* menu.cpp */,
				055091D51D4394B400C7352A /* menu.h */,
				05E3A5071D18448E0099FF8F /* ResourcePath.mm */,
				05E3A5091D18448E0099FF8F /* ResourcePath.hpp */,
				05E3A50A1D18448E0099FF8F /* main.cpp */,
				05E3A50C1D18448F0099FF8F /* Resources */,
				05E3A5051D18448E0099FF8F /* Supporting Files */,
			);
			path = Tetris;
			sourceTree = "<group>";
		};
		05E3A5051D18448E0099FF8F /* Supporting Files */ = {
			isa = PBXGroup;
			children = (
				05E3A5061D18448E0099FF8F /* Tetris-Info.plist */,
			);
			name = "Supporting Files";
			sourceTree = "<group>";
		};
		05E3A50C1D18448F0099FF8F /* Resources */ = {
			isa = PBXGroup;
			children = (
				05B4DC681D44D4430084F0CD /* board.png */,
				0556BA051D1C636400B7549B /* brick.png */,
				055091D11D43911F00C7352A /* background.png */,
				05E3A51E1D1845360099FF8F /* SF Atarian System Bold.ttf */,
				05E3A51C1D1845160099FF8F /* SF Atarian System.ttf */,
				05E3A5111D18448F0099FF8F /* sansation.ttf */,
				05E3A5131D18448F0099FF8F /* icon.png */,
			);
			name = Resources;
			sourceTree = "<group>";
		};
/* End PBXGroup section */

/* Begin PBXNativeTarget section */
		05E3A5011D18448E0099FF8F /* Tetris */ = {
			isa = PBXNativeTarget;
			buildConfigurationList = 05E3A5171D18448F0099FF8F /* Build configuration list for PBXNativeTarget "Tetris" */;
			buildPhases = (
				05E3A4FD1D18448E0099FF8F /* Sources */,
				05E3A4FE1D18448E0099FF8F /* Frameworks */,
				05E3A4FF1D18448E0099FF8F /* Resources */,
				05E3A5001D18448E0099FF8F /* ShellScript */,
			);
			buildRules = (
			);
			dependencies = (
			);
			name = Tetris;
			productName = Tetris;
			productReference = 05E3A5021D18448E0099FF8F /* Tetris.app */;
			productType = "com.apple.product-type.application";
		};
/* End PBXNativeTarget section */

/* Begin PBXProject section */
		05E3A4F91D18448E0099FF8F /* Project object */ = {
			isa = PBXProject;
			attributes = {
				LastUpgradeCheck = 0640;
				ORGANIZATIONNAME = Termi303;
				TargetAttributes = {
					05E3A5011D18448E0099FF8F = {
						CreatedOnToolsVersion = 6.4;
					};
				};
			};
			buildConfigurationList = 05E3A4FC1D18448E0099FF8F /* Build configuration list for PBXProject "Tetris" */;
			compatibilityVersion = "Xcode 3.2";
			developmentRegion = English;
			hasScannedForEncodings = 0;
			knownRegions = (
				en,
			);
			mainGroup = 05E3A4F81D18448E0099FF8F;
			productRefGroup = 05E3A5031D18448E0099FF8F /* Products */;
			projectDirPath = "";
			projectRoot = "";
			targets = (
				05E3A5011D18448E0099FF8F /* Tetris */,
			);
		};
/* End PBXProject section */

/* Begin PBXResourcesBuildPhase section */
		05E3A4FF1D18448E0099FF8F /* Resources */ = {
			isa = PBXResourcesBuildPhase;
			buildActionMask = 2147483647;
			files = (
				05E3A5141D18448F0099FF8F /* icon.png in Resources */,
				055091D21D43911F00C7352A /* background.png in Resources */,
				05B4DC691D44D4430084F0CD /* board.png in Resources */,
				05E3A5121D18448F0099FF8F /* sansation.ttf in Resources */,
				0556BA061D1C636400B7549B /* brick.png in Resources */,
				05E3A51D1D1845160099FF8F /* SF Atarian System.ttf in Resources */,
				05E3A51F1D1845360099FF8F /* SF Atarian System Bold.ttf in Resources */,
			);
			runOnlyForDeploymentPostprocessing = 0;
		};
/* End PBXResourcesBuildPhase section */

/* Begin PBXShellScriptBuildPhase section */
		05E3A5001D18448E0099FF8F /* ShellScript */ = {
			isa = PBXShellScriptBuildPhase;
			buildActionMask = 2147483647;
			files = (
			);
			inputPaths = (
			);
			outputPaths = (
			);
			runOnlyForDeploymentPostprocessing = 0;
			shellPath = /bin/sh;
			shellScript = "# This shell script simply copies required SFML dylibs/frameworks into the application bundle frameworks folder.\n# If you're using static libraries (which is not recommended) you should remove this script from your project.\n\n# SETTINGS\nCMAKE_INSTALL_FRAMEWORK_PREFIX=\"/Library/Frameworks\"\nCMAKE_INSTALL_LIB_PREFIX=\"/usr/local/lib\"\nFRAMEWORKS_FULL_PATH=\"$BUILT_PRODUCTS_DIR/$FRAMEWORKS_FOLDER_PATH/\"\n\n# Are we building a project that uses frameworks or dylibs?\ncase \"$SFML_BINARY_TYPE\" in\n    DYLIBS)\n        frameworks=\"false\"\n        ;;\n    *)\n        frameworks=\"true\"\n        ;;\nesac\n\n# Echoes to stderr\nerror () # $* message to display\n{\n    echo $* 1>&2\n    exit 2\n}\n\nassert () # $1 is a boolean, $2...N is an error message\n{\n    if [ $# -lt 2 ]\n    then\n        error \"Internal error in assert: not enough args\"\n    fi\n\n    if [ $1 -ne 0 ]\n    then\n        shift\n        error \"$*\"\n    fi\n}\n\nforce_remove () # $@ is some paths\n{\n    test $# -ge 1\n    assert $? \"force_remove() requires at least one parameter\"\n    rm -fr $@\n    assert $? \"couldn't remove $@\"\n}\n\ncopy () # $1 is a source, $2 is a destination\n{\n    test $# -eq 2\n    assert $? \"copy() requires two parameters\"\n    ditto \"$1\" \"$2\"\n    assert $? \"couldn't copy $1 to $2\"\n}\n\nrequire () # $1 is a SFML module like 'system' or 'audio'\n{\n    dest=\"$BUILT_PRODUCTS_DIR/$FRAMEWORKS_FOLDER_PATH/\"\n\n    if [ -z \"$1\" ]\n    then\n        error \"require() requires one parameter!\"\n    else\n        # clean potentially old stuff\n        force_remove \"$dest/libsfml-$1\"*\n        force_remove \"$dest/sfml-$1.framework\"\n\n        # copy SFML libraries\n        if [ \"$frameworks\" = \"true\" ]\n        then\n            source=\"$CMAKE_INSTALL_FRAMEWORK_PREFIX/sfml-$1.framework\"\n            target=\"sfml-$1.framework\"\n        elif [ \"$SFML_LINK_DYLIBS_SUFFIX\" = \"-d\" ]\n        then\n            source=\"$CMAKE_INSTALL_LIB_PREFIX/libsfml-$1-d.dylib\"\n            target=\"`readlink $source`\"\n        else\n            source=\"$CMAKE_INSTALL_LIB_PREFIX/libsfml-$1.dylib\"\n            target=\"`readlink $source`\"\n        fi\n\n        copy \"$source\" \"$dest/$target\"\n\n        # copy extra dependencies\n        if [ \"$1\" = \"audio\" ]\n        then\n            # copy \"FLAC\" \"ogg\" \"vorbis\" \"vorbisenc\" \"vorbisfile\" \"OpenAL\" frameworks too\n            for f in \"FLAC\" \"ogg\" \"vorbis\" \"vorbisenc\" \"vorbisfile\" \"OpenAL\"\n            do\n                copy \"$CMAKE_INSTALL_FRAMEWORK_PREFIX/$f.framework\" \"$dest/$f.framework\"\n            done\n        elif [ \"$1\" = \"graphics\" ]\n        then\n            copy \"$CMAKE_INSTALL_FRAMEWORK_PREFIX/freetype.framework\" \"$dest/freetype.framework\"\n        fi\n    fi\n}\n\nif [ -n \"$SFML_SYSTEM\" ]\nthen\n    require \"system\"\nfi\n\nif [ -n \"$SFML_AUDIO\" ]\nthen\n    require \"audio\"\nfi\n\nif [ -n \"$SFML_NETWORK\" ]\nthen\n    require \"network\"\nfi\n\nif [ -n \"$SFML_WINDOW\" ]\nthen\n    require \"window\"\nfi\n\nif [ -n \"$SFML_GRAPHICS\" ]\nthen\n    require \"graphics\"\nfi\n\n                ";
		};
/* End PBXShellScriptBuildPhase section */

/* Begin PBXSourcesBuildPhase section */
		05E3A4FD1D18448E0099FF8F /* Sources */ = {
			isa = PBXSourcesBuildPhase;
			buildActionMask = 2147483647;
			files = (
				05E3A50B1D18448E0099FF8F /* main.cpp in Sources */,
				05E3A5081D18448E0099FF8F /* ResourcePath.mm in Sources */,
				055091D61D4394B400C7352A /* menu.cpp in Sources */,
				05B4DC6C1D44D94C0084F0CD /* gameplay.cpp in Sources */,
				05E3A5231D1851B40099FF8F /* game.cpp in Sources */,
				0561686C1D44EB2F0082A802 /* brick.cpp in Sources */,
			);
			runOnlyForDeploymentPostprocessing = 0;
		};
/* End PBXSourcesBuildPhase section */

/* Begin XCBuildConfiguration section */
		05E3A5151D18448F0099FF8F /* Debug */ = {
			isa = XCBuildConfiguration;
			buildSettings = {
				ARCHS = (
					i386,
					x86_64,
				);
				CLANG_CXX_LANGUAGE_STANDARD = "c++0x";
				CLANG_CXX_LIBRARY = "libc++";
				FRAMEWORK_SEARCH_PATHS = (
					/Library/Frameworks/,
					"$(inherited)",
				);
				GCC_VERSION = com.apple.compilers.llvm.clang.1_0;
				HEADER_SEARCH_PATHS = (
					/usr/local/include/,
					"$(inherited)",
				);
				LIBRARY_SEARCH_PATHS = (
					/usr/local/lib/,
					"$(inherited)",
				);
				MACOSX_DEPLOYMENT_TARGET = 10.7;
				OTHER_LDFLAGS = (
					"$(inherited)",
					"$(SFML_SYSTEM)",
					"$(SFML_WINDOW)",
					"$(SFML_GRAPHICS)",
					"$(SFML_AUDIO)",
					"$(SFML_NETWORK)",
				);
				SFML_AUDIO = "$(SFML_LINK_PREFIX) sfml-audio$(SFML_LINK_SUFFIX)";
				SFML_BINARY_TYPE = FRAMEWORKS;
				SFML_GRAPHICS = "$(SFML_LINK_PREFIX) sfml-graphics$(SFML_LINK_SUFFIX)";
				SFML_LINK_DYLIBS_PREFIX = "-l";
				SFML_LINK_DYLIBS_SUFFIX = "";
				SFML_LINK_FRAMEWORKS_PREFIX = "-framework";
				SFML_LINK_FRAMEWORKS_SUFFIX = "";
				SFML_LINK_PREFIX = "$(SFML_LINK_$(SFML_BINARY_TYPE)_PREFIX)";
				SFML_LINK_SUFFIX = "$(SFML_LINK_$(SFML_BINARY_TYPE)_SUFFIX)";
				SFML_NETWORK = "$(SFML_LINK_PREFIX) sfml-network$(SFML_LINK_SUFFIX)";
				SFML_SYSTEM = "$(SFML_LINK_PREFIX) sfml-system$(SFML_LINK_SUFFIX)";
				SFML_WINDOW = "$(SFML_LINK_PREFIX) sfml-window$(SFML_LINK_SUFFIX)";
				SUPPORTED_PLATFORMS = macosx;
			};
			name = Debug;
		};
		05E3A5161D18448F0099FF8F /* Release */ = {
			isa = XCBuildConfiguration;
			buildSettings = {
				ARCHS = (
					i386,
					x86_64,
				);
				CLANG_CXX_LANGUAGE_STANDARD = "c++0x";
				CLANG_CXX_LIBRARY = "libc++";
				FRAMEWORK_SEARCH_PATHS = (
					/Library/Frameworks/,
					"$(inherited)",
				);
				GCC_VERSION = com.apple.compilers.llvm.clang.1_0;
				HEADER_SEARCH_PATHS = (
					/usr/local/include/,
					"$(inherited)",
				);
				LIBRARY_SEARCH_PATHS = (
					/usr/local/lib/,
					"$(inherited)",
				);
				MACOSX_DEPLOYMENT_TARGET = 10.7;
				OTHER_LDFLAGS = (
					"$(inherited)",
					"$(SFML_SYSTEM)",
					"$(SFML_WINDOW)",
					"$(SFML_GRAPHICS)",
					"$(SFML_AUDIO)",
					"$(SFML_NETWORK)",
				);
				SFML_AUDIO = "$(SFML_LINK_PREFIX) sfml-audio$(SFML_LINK_SUFFIX)";
				SFML_BINARY_TYPE = FRAMEWORKS;
				SFML_GRAPHICS = "$(SFML_LINK_PREFIX) sfml-graphics$(SFML_LINK_SUFFIX)";
				SFML_LINK_DYLIBS_PREFIX = "-l";
				SFML_LINK_DYLIBS_SUFFIX = "";
				SFML_LINK_FRAMEWORKS_PREFIX = "-framework";
				SFML_LINK_FRAMEWORKS_SUFFIX = "";
				SFML_LINK_PREFIX = "$(SFML_LINK_$(SFML_BINARY_TYPE)_PREFIX)";
				SFML_LINK_SUFFIX = "$(SFML_LINK_$(SFML_BINARY_TYPE)_SUFFIX)";
				SFML_NETWORK = "$(SFML_LINK_PREFIX) sfml-network$(SFML_LINK_SUFFIX)";
				SFML_SYSTEM = "$(SFML_LINK_PREFIX) sfml-system$(SFML_LINK_SUFFIX)";
				SFML_WINDOW = "$(SFML_LINK_PREFIX) sfml-window$(SFML_LINK_SUFFIX)";
				SUPPORTED_PLATFORMS = macosx;
			};
			name = Release;
		};
		05E3A5181D18448F0099FF8F /* Debug */ = {
			isa = XCBuildConfiguration;
			buildSettings = {
				INFOPLIST_FILE = "Tetris/Tetris-Info.plist";
				LD_RUNPATH_SEARCH_PATHS = "@loader_path/../Frameworks";
				PRODUCT_NAME = "$(TARGET_NAME)";
			};
			name = Debug;
		};
		05E3A5191D18448F0099FF8F /* Release */ = {
			isa = XCBuildConfiguration;
			buildSettings = {
				INFOPLIST_FILE = "Tetris/Tetris-Info.plist";
				LD_RUNPATH_SEARCH_PATHS = "@loader_path/../Frameworks";
				PRODUCT_NAME = "$(TARGET_NAME)";
			};
			name = Release;
		};
/* End XCBuildConfiguration section */

/* Begin XCConfigurationList section */
		05E3A4FC1D18448E0099FF8F /* Build configuration list for PBXProject "Tetris" */ = {
			isa = XCConfigurationList;
			buildConfigurations = (
				05E3A5151D18448F0099FF8F /* Debug */,
				05E3A5161D18448F0099FF8F /* Release */,
			);
			defaultConfigurationIsVisible = 0;
			defaultConfigurationName = Release;
		};
		05E3A5171D18448F0099FF8F /* Build configuration list for PBXNativeTarget "Tetris" */ = {
			isa = XCConfigurationList;
			buildConfigurations = (
				05E3A5181D18448F0099FF8F /* Debug */,
				05E3A5191D18448F0099FF8F /* Release */,
			);
			defaultConfigurationIsVisible = 0;
			defaultConfigurationName = Release;
		};
/* End XCConfigurationList section */
	};
	rootObject = 05E3A4F91D18448E0099FF8F /* Project object */;
}
